
Microsoft Visual Studio Solution File, Format Version 12.00
# Visual Studio 15
VisualStudioVersion = 15.0.28010.2003
MinimumVisualStudioVersion = 10.0.40219.1
Project("{FAE04EC0-301F-11D3-BF4B-00C04F79EFBC}") = "TurtlePlay", "TurtlePlay\TurtlePlay.csproj", "{CF49BD67-2DCE-456E-94CB-1D55BF6FF40C}"
EndProject
Global
	GlobalSection(SolutionConfigurationPlatforms) = preSolution
		Debug|Any CPU = Debug|Any CPU
		Release|Any CPU = Release|Any CPU
	EndGlobalSection
	GlobalSection(ProjectConfigurationPlatforms) = postSolution
		{CF49BD67-2DCE-456E-94CB-1D55BF6FF40C}.Debug|Any CPU.ActiveCfg = Debug|Any CPU
		{CF49BD67-2DCE-456E-94CB-1D55BF6FF40C}.Debug|Any CPU.Build.0 = Debug|Any CPU
		{CF49BD67-2DCE-456E-94CB-1D55BF6FF40C}.Release|Any CPU.ActiveCfg = Release|Any CPU
		{CF49BD67-2DCE-456E-94CB-1D55BF6FF40C}.Release|Any CPU.Build.0 = Release|Any CPU
	EndGlobalSection
	GlobalSection(SolutionProperties) = preSolution
		HideSolutionNode = FALSE
	EndGlobalSection
	GlobalSection(ExtensibilityGlobals) = postSolution
		SolutionGuid = {B0A929D5-0084-4FA0-A1F0-05A8C5E029B8}
	EndGlobalSection
EndGlobal
